
Microsoft Visual Studio Solution File, Format Version 12.00
# Visual Studio Version 17
VisualStudioVersion = 17.4.33213.308
MinimumVisualStudioVersion = 10.0.40219.1
Project("{FAE04EC0-301F-11D3-BF4B-00C04F79EFBC}") = "ConwaysConsoleGame", "ConwaysConsoleGame\ConwaysConsoleGame.csproj", "{D6D48736-9EA7-4FAE-8F5B-4A24A4EE9CAF}"
EndProject
Global
	GlobalSection(SolutionConfigurationPlatforms) = preSolution
		Debug|Any CPU = Debug|Any CPU
		Release|Any CPU = Release|Any CPU
	EndGlobalSection
	GlobalSection(ProjectConfigurationPlatforms) = postSolution
		{D6D48736-9EA7-4FAE-8F5B-4A24A4EE9CAF}.Debug|Any CPU.ActiveCfg = Debug|Any CPU
		{D6D48736-9EA7-4FAE-8F5B-4A24A4EE9CAF}.Debug|Any CPU.Build.0 = Debug|Any CPU
		{D6D48736-9EA7-4FAE-8F5B-4A24A4EE9CAF}.Release|Any CPU.ActiveCfg = Release|Any CPU
		{D6D48736-9EA7-4FAE-8F5B-4A24A4EE9CAF}.Release|Any CPU.Build.0 = Release|Any CPU
	EndGlobalSection
	GlobalSection(SolutionProperties) = preSolution
		HideSolutionNode = FALSE
	EndGlobalSection
	GlobalSection(ExtensibilityGlobals) = postSolution
		SolutionGuid = {E23D21E7-051B-4F73-BD83-2D8CEC25F168}
	EndGlobalSection
EndGlobal
